
Microsoft Visual Studio Solution File, Format Version 12.00
# Visual Studio Version 17
VisualStudioVersion = 17.0.31903.59
MinimumVisualStudioVersion = 10.0.40219.1
Project("{FAE04EC0-301F-11D3-BF4B-00C04F79EFBC}") = "DotnetCourse", "DotnetCourse\DotnetCourse.csproj", "{E6769DE7-B379-43C7-8A8D-6391CBDCD252}"
EndProject
Project("{FAE04EC0-301F-11D3-BF4B-00C04F79EFBC}") = "DotnetCourse.Common", "DotnetCourse.Common\DotnetCourse.Common.csproj", "{52ADBD8B-C183-4978-BE90-85EE9C203081}"
EndProject
Project("{FAE04EC0-301F-11D3-BF4B-00C04F79EFBC}") = "Estacionamento", "Estacionamento\Estacionamento.csproj", "{5A9D9544-36B9-44C7-95EE-E31BDADBA15A}"
EndProject
Global
	GlobalSection(SolutionConfigurationPlatforms) = preSolution
		Debug|Any CPU = Debug|Any CPU
		Release|Any CPU = Release|Any CPU
	EndGlobalSection
	GlobalSection(SolutionProperties) = preSolution
		HideSolutionNode = FALSE
	EndGlobalSection
	GlobalSection(ProjectConfigurationPlatforms) = postSolution
		{E6769DE7-B379-43C7-8A8D-6391CBDCD252}.Debug|Any CPU.ActiveCfg = Debug|Any CPU
		{E6769DE7-B379-43C7-8A8D-6391CBDCD252}.Debug|Any CPU.Build.0 = Debug|Any CPU
		{E6769DE7-B379-43C7-8A8D-6391CBDCD252}.Release|Any CPU.ActiveCfg = Release|Any CPU
		{E6769DE7-B379-43C7-8A8D-6391CBDCD252}.Release|Any CPU.Build.0 = Release|Any CPU
		{52ADBD8B-C183-4978-BE90-85EE9C203081}.Debug|Any CPU.ActiveCfg = Debug|Any CPU
		{52ADBD8B-C183-4978-BE90-85EE9C203081}.Debug|Any CPU.Build.0 = Debug|Any CPU
		{52ADBD8B-C183-4978-BE90-85EE9C203081}.Release|Any CPU.ActiveCfg = Release|Any CPU
		{52ADBD8B-C183-4978-BE90-85EE9C203081}.Release|Any CPU.Build.0 = Release|Any CPU
		{5A9D9544-36B9-44C7-95EE-E31BDADBA15A}.Debug|Any CPU.ActiveCfg = Debug|Any CPU
		{5A9D9544-36B9-44C7-95EE-E31BDADBA15A}.Debug|Any CPU.Build.0 = Debug|Any CPU
		{5A9D9544-36B9-44C7-95EE-E31BDADBA15A}.Release|Any CPU.ActiveCfg = Release|Any CPU
		{5A9D9544-36B9-44C7-95EE-E31BDADBA15A}.Release|Any CPU.Build.0 = Release|Any CPU
	EndGlobalSection
EndGlobal
